
Microsoft Visual Studio Solution File, Format Version 12.00
# Visual Studio Version 17
VisualStudioVersion = 17.8.34309.116
MinimumVisualStudioVersion = 10.0.40219.1
Project("{FAE04EC0-301F-11D3-BF4B-00C04F79EFBC}") = "DnDGptBot", "DnDGptBot\DnDGptBot.csproj", "{085C1A1D-76BB-4B04-958B-E75E65EA3569}"
EndProject
Project("{FAE04EC0-301F-11D3-BF4B-00C04F79EFBC}") = "DnDGptBot.BL", "DnDGptBot.BL\DnDGptBot.BL.csproj", "{EB7741D4-8B94-4585-8703-66CC98DFBA6F}"
EndProject
Project("{FAE04EC0-301F-11D3-BF4B-00C04F79EFBC}") = "DnDGptBot.DTO", "DnDGptBot.DTO\DnDGptBot.DTO.csproj", "{EF36720D-4802-43AC-9EFD-6AE431749885}"
EndProject
Global
	GlobalSection(SolutionConfigurationPlatforms) = preSolution
		Debug|Any CPU = Debug|Any CPU
		Release|Any CPU = Release|Any CPU
	EndGlobalSection
	GlobalSection(ProjectConfigurationPlatforms) = postSolution
		{085C1A1D-76BB-4B04-958B-E75E65EA3569}.Debug|Any CPU.ActiveCfg = Debug|Any CPU
		{085C1A1D-76BB-4B04-958B-E75E65EA3569}.Debug|Any CPU.Build.0 = Debug|Any CPU
		{085C1A1D-76BB-4B04-958B-E75E65EA3569}.Release|Any CPU.ActiveCfg = Release|Any CPU
		{085C1A1D-76BB-4B04-958B-E75E65EA3569}.Release|Any CPU.Build.0 = Release|Any CPU
		{EB7741D4-8B94-4585-8703-66CC98DFBA6F}.Debug|Any CPU.ActiveCfg = Debug|Any CPU
		{EB7741D4-8B94-4585-8703-66CC98DFBA6F}.Debug|Any CPU.Build.0 = Debug|Any CPU
		{EB7741D4-8B94-4585-8703-66CC98DFBA6F}.Release|Any CPU.ActiveCfg = Release|Any CPU
		{EB7741D4-8B94-4585-8703-66CC98DFBA6F}.Release|Any CPU.Build.0 = Release|Any CPU
		{EF36720D-4802-43AC-9EFD-6AE431749885}.Debug|Any CPU.ActiveCfg = Debug|Any CPU
		{EF36720D-4802-43AC-9EFD-6AE431749885}.Debug|Any CPU.Build.0 = Debug|Any CPU
		{EF36720D-4802-43AC-9EFD-6AE431749885}.Release|Any CPU.ActiveCfg = Release|Any CPU
		{EF36720D-4802-43AC-9EFD-6AE431749885}.Release|Any CPU.Build.0 = Release|Any CPU
	EndGlobalSection
	GlobalSection(SolutionProperties) = preSolution
		HideSolutionNode = FALSE
	EndGlobalSection
	GlobalSection(ExtensibilityGlobals) = postSolution
		SolutionGuid = {A9841462-8F5A-4234-BC7A-3558CC1B0CDF}
	EndGlobalSection
EndGlobal
